// !$*UTF8*$!
{
	archiveVersion = 1;
	classes = {
	};
	objectVersion = 48;
	objects = {

/* Begin PBXBuildFile section */
		831BB4AA2022396B00A87471 /* AppDelegate.swift in Sources */ = {isa = PBXBuildFile; fileRef = 831BB4A92022396B00A87471 /* AppDelegate.swift */; };
		831BB4AC2022396B00A87471 /* MainViewController.swift in Sources */ = {isa = PBXBuildFile; fileRef = 831BB4AB2022396B00A87471 /* MainViewController.swift */; };
		831BB4AF2022396B00A87471 /* Main.storyboard in Resources */ = {isa = PBXBuildFile; fileRef = 831BB4AD2022396B00A87471 /* Main.storyboard */; };
		831BB4B12022396B00A87471 /* Assets.xcassets in Resources */ = {isa = PBXBuildFile; fileRef = 831BB4B02022396B00A87471 /* Assets.xcassets */; };
		831BB4B42022396B00A87471 /* LaunchScreen.storyboard in Resources */ = {isa = PBXBuildFile; fileRef = 831BB4B22022396B00A87471 /* LaunchScreen.storyboard */; };
		831BB4BC20223B3D00A87471 /* MarkCollectionViewCell.swift in Sources */ = {isa = PBXBuildFile; fileRef = 831BB4BB20223B3D00A87471 /* MarkCollectionViewCell.swift */; };
		831BB4C02023933C00A87471 /* MarkView.swift in Sources */ = {isa = PBXBuildFile; fileRef = 831BB4BF2023933C00A87471 /* MarkView.swift */; };
/* End PBXBuildFile section */

/* Begin PBXFileReference section */
		831BB4A62022396B00A87471 /* 8x8.app */ = {isa = PBXFileReference; explicitFileType = wrapper.application; includeInIndex = 0; path = 8x8.app; sourceTree = BUILT_PRODUCTS_DIR; };
		831BB4A92022396B00A87471 /* AppDelegate.swift */ = {isa = PBXFileReference; lastKnownFileType = sourcecode.swift; path = AppDelegate.swift; sourceTree = "<group>"; };
		831BB4AB2022396B00A87471 /* MainViewController.swift */ = {isa = PBXFileReference; lastKnownFileType = sourcecode.swift; path = MainViewController.swift; sourceTree = "<group>"; };
		831BB4AE2022396B00A87471 /* Base */ = {isa = PBXFileReference; lastKnownFileType = file.storyboard; name = Base; path = Base.lproj/Main.storyboard; sourceTree = "<group>"; };
		831BB4B02022396B00A87471 /* Assets.xcassets */ = {isa = PBXFileReference; lastKnownFileType = folder.assetcatalog; path = Assets.xcassets; sourceTree = "<group>"; };
		831BB4B32022396B00A87471 /* Base */ = {isa = PBXFileReference; lastKnownFileType = file.storyboard; name = Base; path = Base.lproj/LaunchScreen.storyboard; sourceTree = "<group>"; };
		831BB4B52022396B00A87471 /* Info.plist */ = {isa = PBXFileReference; lastKnownFileType = text.plist.xml; path = Info.plist; sourceTree = "<group>"; };
		831BB4BB20223B3D00A87471 /* MarkCollectionViewCell.swift */ = {isa = PBXFileReference; lastKnownFileType = sourcecode.swift; path = MarkCollectionViewCell.swift; sourceTree = "<group>"; };
		831BB4BF2023933C00A87471 /* MarkView.swift */ = {isa = PBXFileReference; lastKnownFileType = sourcecode.swift; path = MarkView.swift; sourceTree = "<group>"; };
/* End PBXFileReference section */

/* Begin PBXFrameworksBuildPhase section */
		831BB4A32022396B00A87471 /* Frameworks */ = {
			isa = PBXFrameworksBuildPhase;
			buildActionMask = 2147483647;
			files = (
			);
			runOnlyForDeploymentPostprocessing = 0;
		};
/* End PBXFrameworksBuildPhase section */

/* Begin PBXGroup section */
		831BB49D2022396B00A87471 = {
			isa = PBXGroup;
			children = (
				831BB4A82022396B00A87471 /* 8x8 */,
				831BB4A72022396B00A87471 /* Products */,
			);
			sourceTree = "<group>";
		};
		831BB4A72022396B00A87471 /* Products */ = {
			isa = PBXGroup;
			children = (
				831BB4A62022396B00A87471 /* 8x8.app */,
			);
			name = Products;
			sourceTree = "<group>";
		};
		831BB4A82022396B00A87471 /* 8x8 */ = {
			isa = PBXGroup;
			children = (
				831BB4A92022396B00A87471 /* AppDelegate.swift */,
				831BB4AB2022396B00A87471 /* MainViewController.swift */,
				831BB4AD2022396B00A87471 /* Main.storyboard */,
				831BB4BF2023933C00A87471 /* MarkView.swift */,
				831BB4BB20223B3D00A87471 /* MarkCollectionViewCell.swift */,
				831BB4B02022396B00A87471 /* Assets.xcassets */,
				831BB4B22022396B00A87471 /* LaunchScreen.storyboard */,
				831BB4B52022396B00A87471 /* Info.plist */,
			);
			path = 8x8;
			sourceTree = "<group>";
		};
/* End PBXGroup section */

/* Begin PBXNativeTarget section */
		831BB4A52022396B00A87471 /* 8x8 */ = {
			isa = PBXNativeTarget;
			buildConfigurationList = 831BB4B82022396B00A87471 /* Build configuration list for PBXNativeTarget "8x8" */;
			buildPhases = (
				831BB4A22022396B00A87471 /* Sources */,
				831BB4A32022396B00A87471 /* Frameworks */,
				831BB4A42022396B00A87471 /* Resources */,
			);
			buildRules = (
			);
			dependencies = (
			);
			name = 8x8;
			productName = 8x8;
			productReference = 831BB4A62022396B00A87471 /* 8x8.app */;
			productType = "com.apple.product-type.application";
		};
/* End PBXNativeTarget section */

/* Begin PBXProject section */
		831BB49E2022396B00A87471 /* Project object */ = {
			isa = PBXProject;
			attributes = {
				LastSwiftUpdateCheck = 0920;
				LastUpgradeCheck = 0920;
				ORGANIZATIONNAME = "Rauan Zhakypbek";
				TargetAttributes = {
					831BB4A52022396B00A87471 = {
						CreatedOnToolsVersion = 9.2;
						ProvisioningStyle = Automatic;
					};
				};
			};
			buildConfigurationList = 831BB4A12022396B00A87471 /* Build configuration list for PBXProject "8x8" */;
			compatibilityVersion = "Xcode 8.0";
			developmentRegion = en;
			hasScannedForEncodings = 0;
			knownRegions = (
				en,
				Base,
			);
			mainGroup = 831BB49D2022396B00A87471;
			productRefGroup = 831BB4A72022396B00A87471 /* Products */;
			projectDirPath = "";
			projectRoot = "";
			targets = (
				831BB4A52022396B00A87471 /* 8x8 */,
			);
		};
/* End PBXProject section */

/* Begin PBXResourcesBuildPhase section */
		831BB4A42022396B00A87471 /* Resources */ = {
			isa = PBXResourcesBuildPhase;
			buildActionMask = 2147483647;
			files = (
				831BB4B42022396B00A87471 /* LaunchScreen.storyboard in Resources */,
				831BB4B12022396B00A87471 /* Assets.xcassets in Resources */,
				831BB4AF2022396B00A87471 /* Main.storyboard in Resources */,
			);
			runOnlyForDeploymentPostprocessing = 0;
		};
/* End PBXResourcesBuildPhase section */

/* Begin PBXSourcesBuildPhase section */
		831BB4A22022396B00A87471 /* Sources */ = {
			isa = PBXSourcesBuildPhase;
			buildActionMask = 2147483647;
			files = (
				831BB4AC2022396B00A87471 /* MainViewController.swift in Sources */,
				831BB4AA2022396B00A87471 /* AppDelegate.swift in Sources */,
				831BB4BC20223B3D00A87471 /* MarkCollectionViewCell.swift in Sources */,
				831BB4C02023933C00A87471 /* MarkView.swift in Sources */,
			);
			runOnlyForDeploymentPostprocessing = 0;
		};
/* End PBXSourcesBuildPhase section */

/* Begin PBXVariantGroup section */
		831BB4AD2022396B00A87471 /* Main.storyboard */ = {
			isa = PBXVariantGroup;
			children = (
				831BB4AE2022396B00A87471 /* Base */,
			);
			name = Main.storyboard;
			sourceTree = "<group>";
		};
		831BB4B22022396B00A87471 /* LaunchScreen.storyboard */ = {
			isa = PBXVariantGroup;
			children = (
				831BB4B32022396B00A87471 /* Base */,
			);
			name = LaunchScreen.storyboard;
			sourceTree = "<group>";
		};
/* End PBXVariantGroup section */

/* Begin XCBuildConfiguration section */
		831BB4B62022396B00A87471 /* Debug */ = {
			isa = XCBuildConfiguration;
			buildSettings = {
				ALWAYS_SEARCH_USER_PATHS = NO;
				CLANG_ANALYZER_NONNULL = YES;
				CLANG_ANALYZER_NUMBER_OBJECT_CONVERSION = YES_AGGRESSIVE;
				CLANG_CXX_LANGUAGE_STANDARD = "gnu++14";
				CLANG_CXX_LIBRARY = "libc++";
				CLANG_ENABLE_MODULES = YES;
				CLANG_ENABLE_OBJC_ARC = YES;
				CLANG_WARN_BLOCK_CAPTURE_AUTORELEASING = YES;
				CLANG_WARN_BOOL_CONVERSION = YES;
				CLANG_WARN_COMMA = YES;
				CLANG_WARN_CONSTANT_CONVERSION = YES;
				CLANG_WARN_DIRECT_OBJC_ISA_USAGE = YES_ERROR;
				CLANG_WARN_DOCUMENTATION_COMMENTS = YES;
				CLANG_WARN_EMPTY_BODY = YES;
				CLANG_WARN_ENUM_CONVERSION = YES;
				CLANG_WARN_INFINITE_RECURSION = YES;
				CLANG_WARN_INT_CONVERSION = YES;
				CLANG_WARN_NON_LITERAL_NULL_CONVERSION = YES;
				CLANG_WARN_OBJC_LITERAL_CONVERSION = YES;
				CLANG_WARN_OBJC_ROOT_CLASS = YES_ERROR;
				CLANG_WARN_RANGE_LOOP_ANALYSIS = YES;
				CLANG_WARN_STRICT_PROTOTYPES = YES;
				CLANG_WARN_SUSPICIOUS_MOVE = YES;
				CLANG_WARN_UNGUARDED_AVAILABILITY = YES_AGGRESSIVE;
				CLANG_WARN_UNREACHABLE_CODE = YES;
				CLANG_WARN__DUPLICATE_METHOD_MATCH = YES;
				CODE_SIGN_IDENTITY = "iPhone Developer";
				COPY_PHASE_STRIP = NO;
				DEBUG_INFORMATION_FORMAT = dwarf;
				ENABLE_STRICT_OBJC_MSGSEND = YES;
				ENABLE_TESTABILITY = YES;
				GCC_C_LANGUAGE_STANDARD = gnu11;
				GCC_DYNAMIC_NO_PIC = NO;
				GCC_NO_COMMON_BLOCKS = YES;
				GCC_OPTIMIZATION_LEVEL = 0;
				GCC_PREPROCESSOR_DEFINITIONS = (
					"DEBUG=1",
					"$(inherited)",
				);
				GCC_WARN_64_TO_32_BIT_CONVERSION = YES;
				GCC_WARN_ABOUT_RETURN_TYPE = YES_ERROR;
				GCC_WARN_UNDECLARED_SELECTOR = YES;
				GCC_WARN_UNINITIALIZED_AUTOS = YES_AGGRESSIVE;
				GCC_WARN_UNUSED_FUNCTION = YES;
				GCC_WARN_UNUSED_VARIABLE = YES;
				IPHONEOS_DEPLOYMENT_TARGET = 11.2;
				MTL_ENABLE_DEBUG_INFO = YES;
				ONLY_ACTIVE_ARCH = YES;
				SDKROOT = iphoneos;
				SWIFT_ACTIVE_COMPILATION_CONDITIONS = DEBUG;
				SWIFT_OPTIMIZATION_LEVEL = "-Onone";
			};
			name = Debug;
		};
		831BB4B72022396B00A87471 /* Release */ = {
			isa = XCBuildConfiguration;
			buildSettings = {
				ALWAYS_SEARCH_USER_PATHS = NO;
				CLANG_ANALYZER_NONNULL = YES;
				CLANG_ANALYZER_NUMBER_OBJECT_CONVERSION = YES_AGGRESSIVE;
				CLANG_CXX_LANGUAGE_STANDARD = "gnu++14";
				CLANG_CXX_LIBRARY = "libc++";
				CLANG_ENABLE_MODULES = YES;
				CLANG_ENABLE_OBJC_ARC = YES;
				CLANG_WARN_BLOCK_CAPTURE_AUTORELEASING = YES;
				CLANG_WARN_BOOL_CONVERSION = YES;
				CLANG_WARN_COMMA = YES;
				CLANG_WARN_CONSTANT_CONVERSION = YES;
				CLANG_WARN_DIRECT_OBJC_ISA_USAGE = YES_ERROR;
				CLANG_WARN_DOCUMENTATION_COMMENTS = YES;
				CLANG_WARN_EMPTY_BODY = YES;
				CLANG_WARN_ENUM_CONVERSION = YES;
				CLANG_WARN_INFINITE_RECURSION = YES;
				CLANG_WARN_INT_CONVERSION = YES;
				CLANG_WARN_NON_LITERAL_NULL_CONVERSION = YES;
				CLANG_WARN_OBJC_LITERAL_CONVERSION = YES;
				CLANG_WARN_OBJC_ROOT_CLASS = YES_ERROR;
				CLANG_WARN_RANGE_LOOP_ANALYSIS = YES;
				CLANG_WARN_STRICT_PROTOTYPES = YES;
				CLANG_WARN_SUSPICIOUS_MOVE = YES;
				CLANG_WARN_UNGUARDED_AVAILABILITY = YES_AGGRESSIVE;
				CLANG_WARN_UNREACHABLE_CODE = YES;
				CLANG_WARN__DUPLICATE_METHOD_MATCH = YES;
				CODE_SIGN_IDENTITY = "iPhone Developer";
				COPY_PHASE_STRIP = NO;
				DEBUG_INFORMATION_FORMAT = "dwarf-with-dsym";
				ENABLE_NS_ASSERTIONS = NO;
				ENABLE_STRICT_OBJC_MSGSEND = YES;
				GCC_C_LANGUAGE_STANDARD = gnu11;
				GCC_NO_COMMON_BLOCKS = YES;
				GCC_WARN_64_TO_32_BIT_CONVERSION = YES;
				GCC_WARN_ABOUT_RETURN_TYPE = YES_ERROR;
				GCC_WARN_UNDECLARED_SELECTOR = YES;
				GCC_WARN_UNINITIALIZED_AUTOS = YES_AGGRESSIVE;
				GCC_WARN_UNUSED_FUNCTION = YES;
				GCC_WARN_UNUSED_VARIABLE = YES;
				IPHONEOS_DEPLOYMENT_TARGET = 11.2;
				MTL_ENABLE_DEBUG_INFO = NO;
				SDKROOT = iphoneos;
				SWIFT_OPTIMIZATION_LEVEL = "-Owholemodule";
				VALIDATE_PRODUCT = YES;
			};
			name = Release;
		};
		831BB4B92022396B00A87471 /* Debug */ = {
			isa = XCBuildConfiguration;
			buildSettings = {
				ASSETCATALOG_COMPILER_APPICON_NAME = AppIcon;
				CODE_SIGN_STYLE = Automatic;
				DEVELOPMENT_TEAM = BJ2C8TR9AM;
				INFOPLIST_FILE = 8x8/Info.plist;
				LD_RUNPATH_SEARCH_PATHS = "$(inherited) @executable_path/Frameworks";
				PRODUCT_BUNDLE_IDENTIFIER = "RauanZhakypbek.-x8";
				PRODUCT_NAME = "$(TARGET_NAME)";
				SWIFT_VERSION = 4.0;
				TARGETED_DEVICE_FAMILY = "1,2";
			};
			name = Debug;
		};
		831BB4BA2022396B00A87471 /* Release */ = {
			isa = XCBuildConfiguration;
			buildSettings = {
				ASSETCATALOG_COMPILER_APPICON_NAME = AppIcon;
				CODE_SIGN_STYLE = Automatic;
				DEVELOPMENT_TEAM = BJ2C8TR9AM;
				INFOPLIST_FILE = 8x8/Info.plist;
				LD_RUNPATH_SEARCH_PATHS = "$(inherited) @executable_path/Frameworks";
				PRODUCT_BUNDLE_IDENTIFIER = "RauanZhakypbek.-x8";
				PRODUCT_NAME = "$(TARGET_NAME)";
				SWIFT_VERSION = 4.0;
				TARGETED_DEVICE_FAMILY = "1,2";
			};
			name = Release;
		};
/* End XCBuildConfiguration section */

/* Begin XCConfigurationList section */
		831BB4A12022396B00A87471 /* Build configuration list for PBXProject "8x8" */ = {
			isa = XCConfigurationList;
			buildConfigurations = (
				831BB4B62022396B00A87471 /* Debug */,
				831BB4B72022396B00A87471 /* Release */,
			);
			defaultConfigurationIsVisible = 0;
			defaultConfigurationName = Release;
		};
		831BB4B82022396B00A87471 /* Build configuration list for PBXNativeTarget "8x8" */ = {
			isa = XCConfigurationList;
			buildConfigurations = (
				831BB4B92022396B00A87471 /* Debug */,
				831BB4BA2022396B00A87471 /* Release */,
			);
			defaultConfigurationIsVisible = 0;
			defaultConfigurationName = Release;
		};
/* End XCConfigurationList section */
	};
	rootObject = 831BB49E2022396B00A87471 /* Project object */;
}
